{
  "requires": true,
  "lockfileVersion": 1,
  "dependencies": {
    "@types/yup": {
      "version": "0.24.4",
      "resolved": "https://registry.npmjs.org/@types/yup/-/yup-0.24.4.tgz",
      "integrity": "sha512-zyaAEBijiddvGniwPUFAHlW8vayLivQefooJnD4kq0xa8srdqxPF6CNC/chJaBq9TgFYHOTmad//N68Mwj9K7w=="
    }
  }
}
