{
	"requires": true,
	"lockfileVersion": 1,
	"dependencies": {
		"commander": {
			"version": "2.16.0",
			"resolved": "https://registry.npmjs.org/commander/-/commander-2.16.0.tgz",
			"integrity": "sha512-sVXqklSaotK9at437sFlFpyOcJonxe0yST/AG9DkQKUdIE6IqGIMv4SfAQSKaJbSdVEJYItASCrBiVQHq1HQew=="
		}
	}
}
