{
	"requires": true,
	"lockfileVersion": 1,
	"dependencies": {
		"@theledger/fabric-chaincode-utils": {
			"version": "4.0.1",
			"resolved": "https://registry.npmjs.org/@theledger/fabric-chaincode-utils/-/fabric-chaincode-utils-4.0.1.tgz",
			"integrity": "sha512-BmTWDofgtWa+a7I8S7h3Dmfeb02wMd+bS2kufvRkoA5ZJoK+vzDrM25iSjykRcW9b4YW4ZxUPz6JFPh95nTCQg=="
		}
	}
}
