{
	"requires": true,
	"lockfileVersion": 1,
	"dependencies": {
		"@theledger/fabric-mock-stub": {
			"version": "4.0.0",
			"resolved": "https://registry.npmjs.org/@theledger/fabric-mock-stub/-/fabric-mock-stub-4.0.0.tgz",
			"integrity": "sha512-PSmXl+u/PbOl0PN3pxOJZOF0R0G+Aq6tM2sAPBkx/K+8maTsFwnBLp92A3IQTHGcTvaWd5b0qcJw+staqZmfkg=="
		}
	}
}
